
Microsoft Visual Studio Solution File, Format Version 12.00
# Visual Studio 15
VisualStudioVersion = 15.0.28010.2016
MinimumVisualStudioVersion = 10.0.40219.1
Project("{9A19103F-16F7-4668-BE54-9A1E7A4F7556}") = "Memoraide_WebApp", "Memoraide_WebApp\Memoraide_WebApp.csproj", "{8D0D25B4-68FD-49A7-BB05-CD36248A20B1}"
EndProject
Project("{9A19103F-16F7-4668-BE54-9A1E7A4F7556}") = "Memoraide_API", "Memoraide_API\Memoraide_API.csproj", "{5AF16A94-D8F6-4FD6-8088-C75B60D73E13}"
EndProject
Global
	GlobalSection(SolutionConfigurationPlatforms) = preSolution
		Debug|Any CPU = Debug|Any CPU
		Release|Any CPU = Release|Any CPU
	EndGlobalSection
	GlobalSection(ProjectConfigurationPlatforms) = postSolution
		{8D0D25B4-68FD-49A7-BB05-CD36248A20B1}.Debug|Any CPU.ActiveCfg = Debug|Any CPU
		{8D0D25B4-68FD-49A7-BB05-CD36248A20B1}.Debug|Any CPU.Build.0 = Debug|Any CPU
		{8D0D25B4-68FD-49A7-BB05-CD36248A20B1}.Release|Any CPU.ActiveCfg = Release|Any CPU
		{8D0D25B4-68FD-49A7-BB05-CD36248A20B1}.Release|Any CPU.Build.0 = Release|Any CPU
		{5AF16A94-D8F6-4FD6-8088-C75B60D73E13}.Debug|Any CPU.ActiveCfg = Debug|Any CPU
		{5AF16A94-D8F6-4FD6-8088-C75B60D73E13}.Debug|Any CPU.Build.0 = Debug|Any CPU
		{5AF16A94-D8F6-4FD6-8088-C75B60D73E13}.Release|Any CPU.ActiveCfg = Release|Any CPU
		{5AF16A94-D8F6-4FD6-8088-C75B60D73E13}.Release|Any CPU.Build.0 = Release|Any CPU
	EndGlobalSection
	GlobalSection(SolutionProperties) = preSolution
		HideSolutionNode = FALSE
	EndGlobalSection
	GlobalSection(ExtensibilityGlobals) = postSolution
		SolutionGuid = {29985107-3902-4C01-8CCB-D1EE77647B04}
	EndGlobalSection
EndGlobal
